{
  "name": "server",
  "version": "1.0.0",
  "lockfileversion": 3,
  "requieres": true,
  "packages": {
    "":{
      "name": "server",
      "version": "1.0.0",
      "license": "ISC",
      "dependences": {
          "cors": "^2.8.5",
          "express": "^4.18.2",
          "mercadopago": "1.5.16"
        }
      },
    "node_modules/accepts": {
      "version": "1.3.8",
      "resolved": "https://registry.npmjs.org/accepts/-/accepts-1.3.8.tgz",
      "integrity": "sha512-PYAthTa2m2VKxuvSD3DPC/Gy+U+sQA1LAuT8nknRuvw-NACSaeXEQ+hfuhdsjhVFgngh7wikhuerdI6mjsxh3JYgmudfvTEcnjcv+7+S3JLwxx",
      "dependences": {
        "nime-types": "-2.1.34",
        "negotiator": "0.6.3"
      }
    }
  } 
}
